<?xml version="1.0" encoding="utf-8"?>
<Project ToolsVersion="4.0" xmlns="http://schemas.microsoft.com/developer/msbuild/2003">
  <ItemGroup>
    <Filter Include="Quelldateien">
      <UniqueIdentifier>{4FC737F1-C7A5-4376-A066-2A32D752A2FF}</UniqueIdentifier>
      <Extensions>cpp;c;cc;cxx;def;odl;idl;hpj;bat;asm;asmx</Extensions>
    </Filter>
    <Filter Include="Headerdateien">
      <UniqueIdentifier>{93995380-89BD-4b04-88EB-625FBE52EBFB}</UniqueIdentifier>
      <Extensions>h;hh;hpp;hxx;hm;inl;inc;xsd</Extensions>
    </Filter>
    <Filter Include="Ressourcendateien">
      <UniqueIdentifier>{67DA6AB6-F800-4c08-8B7A-83BB121AAD01}</UniqueIdentifier>
      <Extensions>rc;ico;cur;bmp;dlg;rc2;rct;bin;rgs;gif;jpg;jpeg;jpe;resx;tiff;tif;png;wav;mfcribbon-ms</Extensions>
    </Filter>
  </ItemGroup>
  <ItemGroup>
    <ClInclude Include="LibALAC.h">
      <Filter>Headerdateien</Filter>
    </ClInclude>
    <ClInclude Include="aglib.h">
      <Filter>Headerdateien</Filter>
    </ClInclude>
    <ClInclude Include="ALACAudioTypes.h">
      <Filter>Headerdateien</Filter>
    </ClInclude>
    <ClInclude Include="ALACBitUtilities.h">
      <Filter>Headerdateien</Filter>
    </ClInclude>
    <ClInclude Include="ALACDecoder.h">
      <Filter>Headerdateien</Filter>
    </ClInclude>
    <ClInclude Include="ALACEncoder.h">
      <Filter>Headerdateien</Filter>
    </ClInclude>
    <ClInclude Include="dplib.h">
      <Filter>Headerdateien</Filter>
    </ClInclude>
    <ClInclude Include="EndianPortable.h">
      <Filter>Headerdateien</Filter>
    </ClInclude>
    <ClInclude Include="matrixlib.h">
      <Filter>Headerdateien</Filter>
    </ClInclude>
  </ItemGroup>
  <ItemGroup>
    <ClCompile Include="LibALAC.cpp">
      <Filter>Quelldateien</Filter>
    </ClCompile>
    <ClCompile Include="dllmain.cpp">
      <Filter>Quelldateien</Filter>
    </ClCompile>
    <ClCompile Include="ag_dec.c">
      <Filter>Quelldateien</Filter>
    </ClCompile>
    <ClCompile Include="ag_enc.c">
      <Filter>Quelldateien</Filter>
    </ClCompile>
    <ClCompile Include="ALACBitUtilities.c">
      <Filter>Quelldateien</Filter>
    </ClCompile>
    <ClCompile Include="ALACDecoder.cpp">
      <Filter>Quelldateien</Filter>
    </ClCompile>
    <ClCompile Include="ALACEncoder.cpp">
      <Filter>Quelldateien</Filter>
    </ClCompile>
    <ClCompile Include="dp_dec.c">
      <Filter>Quelldateien</Filter>
    </ClCompile>
    <ClCompile Include="dp_enc.c">
      <Filter>Quelldateien</Filter>
    </ClCompile>
    <ClCompile Include="EndianPortable.c">
      <Filter>Quelldateien</Filter>
    </ClCompile>
    <ClCompile Include="matrix_dec.c">
      <Filter>Quelldateien</Filter>
    </ClCompile>
    <ClCompile Include="matrix_enc.c">
      <Filter>Quelldateien</Filter>
    </ClCompile>
  </ItemGroup>
</Project>